<?xml version="1.0" encoding="utf-8"?>
<Project ToolsVersion="4.0" xmlns="http://schemas.microsoft.com/developer/msbuild/2003">
  <ItemGroup>
    <Filter Include="Source Files">
      <UniqueIdentifier>{4FC737F1-C7A5-4376-A066-2A32D752A2FF}</UniqueIdentifier>
      <Extensions>cpp;c;cc;cxx;c++;cppm;ixx;def;odl;idl;hpj;bat;asm;asmx</Extensions>
    </Filter>
    <Filter Include="Header Files">
      <UniqueIdentifier>{93995380-89BD-4b04-88EB-625FBE52EBFB}</UniqueIdentifier>
      <Extensions>h;hh;hpp;hxx;h++;hm;inl;inc;ipp;xsd</Extensions>
    </Filter>
    <Filter Include="Resource Files">
      <UniqueIdentifier>{67DA6AB6-F800-4c08-8B7A-83BB121AAD01}</UniqueIdentifier>
      <Extensions>rc;ico;cur;bmp;dlg;rc2;rct;bin;rgs;gif;jpg;jpeg;jpe;resx;tiff;tif;png;wav;mfcribbon-ms</Extensions>
    </Filter>
    <Filter Include="Source Files\Address">
      <UniqueIdentifier>{9f8857d6-c7b4-42be-ab1c-fdaee090f232}</UniqueIdentifier>
    </Filter>
    <Filter Include="Source Files\Contact">
      <UniqueIdentifier>{7b0cec8f-9221-426e-82f4-88dd1260ebc6}</UniqueIdentifier>
    </Filter>
    <Filter Include="Source Files\ContactsBook">
      <UniqueIdentifier>{3dd48835-6a0f-49c5-b175-2bad127e413c}</UniqueIdentifier>
    </Filter>
    <Filter Include="Source Files\Group">
      <UniqueIdentifier>{df8e7478-25dd-448e-aa14-701bccaf6228}</UniqueIdentifier>
    </Filter>
    <Filter Include="Source Files\History">
      <UniqueIdentifier>{edb79ea4-33b1-470e-9c20-d8f998e838e1}</UniqueIdentifier>
    </Filter>
    <Filter Include="Source Files\List">
      <UniqueIdentifier>{4cf571a6-29f1-4874-b966-60209e33e015}</UniqueIdentifier>
    </Filter>
  </ItemGroup>
  <ItemGroup>
    <ClCompile Include="Address.cpp">
      <Filter>Source Files\Address</Filter>
    </ClCompile>
    <ClCompile Include="Contact.cpp">
      <Filter>Source Files\Contact</Filter>
    </ClCompile>
    <ClCompile Include="ContactsBook.cpp">
      <Filter>Source Files\ContactsBook</Filter>
    </ClCompile>
    <ClCompile Include="Main.cpp">
      <Filter>Source Files</Filter>
    </ClCompile>
    <ClCompile Include="Group.cpp">
      <Filter>Source Files\Group</Filter>
    </ClCompile>
    <ClCompile Include="history.cpp">
      <Filter>Source Files\History</Filter>
    </ClCompile>
    <ClCompile Include="HistoryObjects.cpp">
      <Filter>Source Files\History</Filter>
    </ClCompile>
    <ClCompile Include="List.cpp">
      <Filter>Source Files\List</Filter>
    </ClCompile>
  </ItemGroup>
  <ItemGroup>
    <ClInclude Include="Address.h">
      <Filter>Source Files\Address</Filter>
    </ClInclude>
    <ClInclude Include="Contact.h">
      <Filter>Source Files\Contact</Filter>
    </ClInclude>
    <ClInclude Include="ContactsBook.h">
      <Filter>Source Files\ContactsBook</Filter>
    </ClInclude>
    <ClInclude Include="Group.h">
      <Filter>Source Files\Group</Filter>
    </ClInclude>
    <ClInclude Include="history.h">
      <Filter>Source Files\History</Filter>
    </ClInclude>
    <ClInclude Include="HistoryObjects.h">
      <Filter>Source Files\History</Filter>
    </ClInclude>
    <ClInclude Include="List.h">
      <Filter>Source Files\List</Filter>
    </ClInclude>
  </ItemGroup>
</Project>